
Microsoft Visual Studio Solution File, Format Version 12.00
# Visual Studio Version 17
VisualStudioVersion = 17.14.36401.2
MinimumVisualStudioVersion = 10.0.40219.1
Project("{FAE04EC0-301F-11D3-BF4B-00C04F79EFBC}") = "SQLWinds", "SQL\SQLWinds.csproj", "{6BC1B545-358D-461D-B4F3-0E530C4E1010}"
EndProject
Global
	GlobalSection(SolutionConfigurationPlatforms) = preSolution
		Debug|Any CPU = Debug|Any CPU
		Release|Any CPU = Release|Any CPU
	EndGlobalSection
	GlobalSection(ProjectConfigurationPlatforms) = postSolution
		{6BC1B545-358D-461D-B4F3-0E530C4E1010}.Debug|Any CPU.ActiveCfg = Debug|Any CPU
		{6BC1B545-358D-461D-B4F3-0E530C4E1010}.Debug|Any CPU.Build.0 = Debug|Any CPU
		{6BC1B545-358D-461D-B4F3-0E530C4E1010}.Release|Any CPU.ActiveCfg = Release|Any CPU
		{6BC1B545-358D-461D-B4F3-0E530C4E1010}.Release|Any CPU.Build.0 = Release|Any CPU
	EndGlobalSection
	GlobalSection(SolutionProperties) = preSolution
		HideSolutionNode = FALSE
	EndGlobalSection
	GlobalSection(ExtensibilityGlobals) = postSolution
		SolutionGuid = {F024105E-2F03-46CA-AA8D-533F1FCDD3B8}
	EndGlobalSection
EndGlobal
